<?xml version="1.0" encoding="utf-8"?>
<Project ToolsVersion="4.0" xmlns="http://schemas.microsoft.com/developer/msbuild/2003">
  <ItemGroup>
    <Filter Include="Headerdateien">
      <UniqueIdentifier>{88ed31dc-34db-4ca3-a30c-5dc555dc54ba}</UniqueIdentifier>
      <Extensions>h;hpp;hxx;hm;inl;inc</Extensions>
    </Filter>
    <Filter Include="Quelldateien">
      <UniqueIdentifier>{7654202f-f61b-45cc-ad2c-b4c9a06ebd79}</UniqueIdentifier>
      <Extensions>cpp;c;cxx;def;odl;idl;hpj;bat;asm</Extensions>
    </Filter>
    <Filter Include="Ressourcendateien">
      <UniqueIdentifier>{918fcf0a-29c1-4762-8dc7-d634aa9b23ea}</UniqueIdentifier>
      <Extensions>rc;ico;cur;bmp;dlg;rc2;rct;bin;rgs;jpg;jpeg;jpe;manifest</Extensions>
    </Filter>
    <Filter Include="Headerdateien\Base Object Header">
      <UniqueIdentifier>{1d57f536-dd58-463d-a304-e6548cdfc886}</UniqueIdentifier>
    </Filter>
    <Filter Include="Headerdateien\GKS Objects Header">
      <UniqueIdentifier>{455f7dbf-1176-4daf-b091-48e0375c0938}</UniqueIdentifier>
    </Filter>
    <Filter Include="Quelldateien\Base Classes">
      <UniqueIdentifier>{cd73d079-6351-4294-8b32-2d899360c92c}</UniqueIdentifier>
    </Filter>
    <Filter Include="Headerdateien\Main">
      <UniqueIdentifier>{7b7b2766-4a08-45f0-9393-3f4f11e0b28a}</UniqueIdentifier>
    </Filter>
    <Filter Include="Quelldateien\Main">
      <UniqueIdentifier>{d6580538-b608-4ba9-bd80-e3693cffd78c}</UniqueIdentifier>
    </Filter>
    <Filter Include="Quelldateien\GKS Classes">
      <UniqueIdentifier>{18092d91-f2d1-4a82-acf7-796cc5ed5ad5}</UniqueIdentifier>
    </Filter>
  </ItemGroup>
  <ItemGroup>
    <None Include="ReadMe.txt" />
    <None Include="small.ico">
      <Filter>Ressourcendateien</Filter>
    </None>
  </ItemGroup>
  <ItemGroup>
    <ClInclude Include="GKSPoint.h">
      <Filter>Headerdateien\GKS Objects Header</Filter>
    </ClInclude>
    <ClInclude Include="GKSLine.h">
      <Filter>Headerdateien\GKS Objects Header</Filter>
    </ClInclude>
    <ClInclude Include="GKSCircle.h">
      <Filter>Headerdateien\GKS Objects Header</Filter>
    </ClInclude>
    <ClInclude Include="GKS_Programm.h">
      <Filter>Headerdateien\Main</Filter>
    </ClInclude>
    <ClInclude Include="stdafx.h">
      <Filter>Headerdateien\Main</Filter>
    </ClInclude>
    <ClInclude Include="resource.h">
      <Filter>Headerdateien\Main</Filter>
    </ClInclude>
    <ClInclude Include="Drawable.h">
      <Filter>Headerdateien\Base Object Header</Filter>
    </ClInclude>
    <ClInclude Include="GKSDrawable.h">
      <Filter>Headerdateien\GKS Objects Header</Filter>
    </ClInclude>
    <ClInclude Include="Database.h">
      <Filter>Headerdateien\Base Object Header</Filter>
    </ClInclude>
    <ClInclude Include="Klassen\GeoObject.h">
      <Filter>Headerdateien\Base Object Header</Filter>
    </ClInclude>
    <ClInclude Include="Klassen\Linie.h">
      <Filter>Headerdateien\Base Object Header</Filter>
    </ClInclude>
    <ClInclude Include="Klassen\Kreis.h">
      <Filter>Headerdateien\Base Object Header</Filter>
    </ClInclude>
    <ClInclude Include="Klassen\Punkt.h">
      <Filter>Headerdateien\Base Object Header</Filter>
    </ClInclude>
  </ItemGroup>
  <ItemGroup>
    <ClCompile Include="GeoObject.cpp">
      <Filter>Quelldateien\Base Classes</Filter>
    </ClCompile>
    <ClCompile Include="Linie.cpp">
      <Filter>Quelldateien\Base Classes</Filter>
    </ClCompile>
    <ClCompile Include="Punkt.cpp">
      <Filter>Quelldateien\Base Classes</Filter>
    </ClCompile>
    <ClCompile Include="GKS_Programm.cpp">
      <Filter>Quelldateien\Main</Filter>
    </ClCompile>
    <ClCompile Include="stdafx.cpp">
      <Filter>Quelldateien\Main</Filter>
    </ClCompile>
    <ClCompile Include="GP_Aufgabe1.cpp">
      <Filter>Quelldateien\Main</Filter>
    </ClCompile>
    <ClCompile Include="Kreis.cpp">
      <Filter>Quelldateien\Base Classes</Filter>
    </ClCompile>
    <ClCompile Include="GKSPoint.cpp">
      <Filter>Quelldateien\GKS Classes</Filter>
    </ClCompile>
    <ClCompile Include="GKSLine.cpp">
      <Filter>Quelldateien\GKS Classes</Filter>
    </ClCompile>
    <ClCompile Include="GKSCircle.cpp">
      <Filter>Quelldateien\GKS Classes</Filter>
    </ClCompile>
    <ClCompile Include="Drawable.cpp">
      <Filter>Quelldateien\Base Classes</Filter>
    </ClCompile>
    <ClCompile Include="GKSDrawable.cpp">
      <Filter>Quelldateien\GKS Classes</Filter>
    </ClCompile>
    <ClCompile Include="Database.cpp">
      <Filter>Quelldateien\Base Classes</Filter>
    </ClCompile>
  </ItemGroup>
</Project>