<?xml version="1.0" encoding="utf-8"?>
<Project ToolsVersion="4.0" xmlns="http://schemas.microsoft.com/developer/msbuild/2003">
  <ItemGroup>
    <Filter Include="Headerdateien">
      <UniqueIdentifier>{eac6ceb8-f0b0-47c0-b261-187c4b62d6fd}</UniqueIdentifier>
      <Extensions>h;hpp;hxx;hm;inl;inc</Extensions>
    </Filter>
    <Filter Include="Quelldateien">
      <UniqueIdentifier>{f7eeee18-ee37-4b05-8151-5f9e5e9b75a0}</UniqueIdentifier>
      <Extensions>cpp;c;cxx;def;odl;idl;hpj;bat;asm</Extensions>
    </Filter>
    <Filter Include="Ressourcendateien">
      <UniqueIdentifier>{970d813e-e303-44eb-b048-dcdf3840216b}</UniqueIdentifier>
      <Extensions>rc;ico;cur;bmp;dlg;rc2;rct;bin;rgs;jpg;jpeg;jpe;manifest</Extensions>
    </Filter>
  </ItemGroup>
  <ItemGroup>
    <None Include="ReadMe.txt" />
    <None Include="small.ico">
      <Filter>Ressourcendateien</Filter>
    </None>
  </ItemGroup>
  <ItemGroup>
    <ClInclude Include="GKS_Programm.h">
      <Filter>Headerdateien</Filter>
    </ClInclude>
    <ClInclude Include="resource.h">
      <Filter>Headerdateien</Filter>
    </ClInclude>
    <ClInclude Include="stdafx.h">
      <Filter>Headerdateien</Filter>
    </ClInclude>
    <ClInclude Include="GrafikServerClientAnwendung1.h">
      <Filter>Headerdateien</Filter>
    </ClInclude>
    <ClInclude Include="CKreis.h">
      <Filter>Headerdateien</Filter>
    </ClInclude>
    <ClInclude Include="CLinie.h">
      <Filter>Headerdateien</Filter>
    </ClInclude>
    <ClInclude Include="CPunkt.h">
      <Filter>Headerdateien</Filter>
    </ClInclude>
    <ClInclude Include="GeoObjekt.h">
      <Filter>Headerdateien</Filter>
    </ClInclude>
  </ItemGroup>
  <ItemGroup>
    <ClCompile Include="GKS_Programm.cpp">
      <Filter>Quelldateien</Filter>
    </ClCompile>
    <ClCompile Include="stdafx.cpp">
      <Filter>Quelldateien</Filter>
    </ClCompile>
    <ClCompile Include="GrafikServerClientAnwendung1.cpp">
      <Filter>Quelldateien</Filter>
    </ClCompile>
    <ClCompile Include="CKreis.cpp">
      <Filter>Quelldateien</Filter>
    </ClCompile>
    <ClCompile Include="CLinie.cpp">
      <Filter>Quelldateien</Filter>
    </ClCompile>
    <ClCompile Include="CPunkt.cpp">
      <Filter>Quelldateien</Filter>
    </ClCompile>
    <ClCompile Include="GeoObjekt.cpp">
      <Filter>Quelldateien</Filter>
    </ClCompile>
  </ItemGroup>
</Project>